# This file was autogenerated by Stack.
# You should not edit this file by hand.
# For more information, please see the documentation at:
#   https://docs.haskellstack.org/en/stable/lock_files

packages:
- completed:
    hackage: hasmin-1.0.3@sha256:9bf0a7ad1531407ee7940f204d4a33624b94dae6dd48d7d5c3ba6071e637b9a7,7736
    pantry-tree:
      size: 4699
      sha256: cb5a75d11fc4303d5fd400dd2a7198ef1dd8abef6770a22a9a782cc0b77ee0cd
  original:
    hackage: hasmin-1.0.3@sha256:9bf0a7ad1531407ee7940f204d4a33624b94dae6dd48d7d5c3ba6071e637b9a7,7736
snapshots:
- completed:
    size: 524164
    url: https://raw.githubusercontent.com/commercialhaskell/stackage-snapshots/master/lts/14/22.yaml
    sha256: 7ad8f33179b32d204165a3a662c6269464a47a7e65a30abc38d01b5a38ec42c0
  original: lts-14.22
